// !$*UTF8*$!
{
	archiveVersion = 1;
	classes = {
	};
	objectVersion = 48;
	objects = {

/* Begin PBXBuildFile section */
		A933B2271F5799130096F5EA /* AppDelegate.swift in Sources */ = {isa = PBXBuildFile; fileRef = A933B2261F5799130096F5EA /* AppDelegate.swift */; };
		A933B2291F5799130096F5EA /* art.scnassets in Resources */ = {isa = PBXBuildFile; fileRef = A933B2281F5799130096F5EA /* art.scnassets */; };
		A933B22B1F5799130096F5EA /* ViewController.swift in Sources */ = {isa = PBXBuildFile; fileRef = A933B22A1F5799130096F5EA /* ViewController.swift */; };
		A933B22E1F5799130096F5EA /* Main.storyboard in Resources */ = {isa = PBXBuildFile; fileRef = A933B22C1F5799130096F5EA /* Main.storyboard */; };
		A933B2301F5799130096F5EA /* Assets.xcassets in Resources */ = {isa = PBXBuildFile; fileRef = A933B22F1F5799130096F5EA /* Assets.xcassets */; };
		A933B2331F5799130096F5EA /* LaunchScreen.storyboard in Resources */ = {isa = PBXBuildFile; fileRef = A933B2311F5799130096F5EA /* LaunchScreen.storyboard */; };
		A97239A31F5E02D9000519EB /* Deer.swift in Sources */ = {isa = PBXBuildFile; fileRef = A97239971F5E02D8000519EB /* Deer.swift */; };
		A97239A41F5E02D9000519EB /* Mouse.swift in Sources */ = {isa = PBXBuildFile; fileRef = A97239A21F5E02D9000519EB /* Mouse.swift */; };
		A97239A51F5E02D9000519EB /* GameOverView.swift in Sources */ = {isa = PBXBuildFile; fileRef = A97239991F5E02D8000519EB /* GameOverView.swift */; };
		A97239A61F5E02D9000519EB /* OldGameViewController.swift in Sources */ = {isa = PBXBuildFile; fileRef = A97239A11F5E02D9000519EB /* OldGameViewController.swift */; };
		A97239A71F5E02D9000519EB /* MenuButtons.swift in Sources */ = {isa = PBXBuildFile; fileRef = A97239951F5E02D8000519EB /* MenuButtons.swift */; };
		A97239A81F5E02D9000519EB /* Tiger.swift in Sources */ = {isa = PBXBuildFile; fileRef = A97239931F5E02D7000519EB /* Tiger.swift */; };
		A97239A91F5E02D9000519EB /* Zombie.swift in Sources */ = {isa = PBXBuildFile; fileRef = A972399F1F5E02D8000519EB /* Zombie.swift */; };
		A97239AA1F5E02D9000519EB /* Eagle.swift in Sources */ = {isa = PBXBuildFile; fileRef = A972399E1F5E02D8000519EB /* Eagle.swift */; };
		A97239AB1F5E02D9000519EB /* TestScene.swift in Sources */ = {isa = PBXBuildFile; fileRef = A97239941F5E02D8000519EB /* TestScene.swift */; };
		A97239AC1F5E02D9000519EB /* Scene.swift in Sources */ = {isa = PBXBuildFile; fileRef = A97239961F5E02D8000519EB /* Scene.swift */; };
		A97239AD1F5E02D9000519EB /* Global.swift in Sources */ = {isa = PBXBuildFile; fileRef = A972399D1F5E02D8000519EB /* Global.swift */; };
		A97239AE1F5E02D9000519EB /* Butterfly.swift in Sources */ = {isa = PBXBuildFile; fileRef = A972399B1F5E02D8000519EB /* Butterfly.swift */; };
		A97239AF1F5E02D9000519EB /* CustomColor.swift in Sources */ = {isa = PBXBuildFile; fileRef = A97239A01F5E02D9000519EB /* CustomColor.swift */; };
		A97239B01F5E02D9000519EB /* UIProtocolExtentions.swift in Sources */ = {isa = PBXBuildFile; fileRef = A972399C1F5E02D8000519EB /* UIProtocolExtentions.swift */; };
		A97239B11F5E02D9000519EB /* GameScene.swift in Sources */ = {isa = PBXBuildFile; fileRef = A97239981F5E02D8000519EB /* GameScene.swift */; };
		A97239B21F5E02D9000519EB /* Dot.swift in Sources */ = {isa = PBXBuildFile; fileRef = A972399A1F5E02D8000519EB /* Dot.swift */; };
/* End PBXBuildFile section */

/* Begin PBXFileReference section */
		A933B2231F5799130096F5EA /* SnakeTank.app */ = {isa = PBXFileReference; explicitFileType = wrapper.application; includeInIndex = 0; path = SnakeTank.app; sourceTree = BUILT_PRODUCTS_DIR; };
		A933B2261F5799130096F5EA /* AppDelegate.swift */ = {isa = PBXFileReference; lastKnownFileType = sourcecode.swift; path = AppDelegate.swift; sourceTree = "<group>"; };
		A933B2281F5799130096F5EA /* art.scnassets */ = {isa = PBXFileReference; lastKnownFileType = wrapper.scnassets; path = art.scnassets; sourceTree = "<group>"; };
		A933B22A1F5799130096F5EA /* ViewController.swift */ = {isa = PBXFileReference; lastKnownFileType = sourcecode.swift; path = ViewController.swift; sourceTree = "<group>"; };
		A933B22D1F5799130096F5EA /* Base */ = {isa = PBXFileReference; lastKnownFileType = file.storyboard; name = Base; path = Base.lproj/Main.storyboard; sourceTree = "<group>"; };
		A933B22F1F5799130096F5EA /* Assets.xcassets */ = {isa = PBXFileReference; lastKnownFileType = folder.assetcatalog; path = Assets.xcassets; sourceTree = "<group>"; };
		A933B2321F5799130096F5EA /* Base */ = {isa = PBXFileReference; lastKnownFileType = file.storyboard; name = Base; path = Base.lproj/LaunchScreen.storyboard; sourceTree = "<group>"; };
		A933B2341F5799130096F5EA /* Info.plist */ = {isa = PBXFileReference; lastKnownFileType = text.plist.xml; path = Info.plist; sourceTree = "<group>"; };
		A97239931F5E02D7000519EB /* Tiger.swift */ = {isa = PBXFileReference; lastKnownFileType = sourcecode.swift; path = Tiger.swift; sourceTree = "<group>"; };
		A97239941F5E02D8000519EB /* TestScene.swift */ = {isa = PBXFileReference; lastKnownFileType = sourcecode.swift; path = TestScene.swift; sourceTree = "<group>"; };
		A97239951F5E02D8000519EB /* MenuButtons.swift */ = {isa = PBXFileReference; lastKnownFileType = sourcecode.swift; path = MenuButtons.swift; sourceTree = "<group>"; };
		A97239961F5E02D8000519EB /* Scene.swift */ = {isa = PBXFileReference; lastKnownFileType = sourcecode.swift; path = Scene.swift; sourceTree = "<group>"; };
		A97239971F5E02D8000519EB /* Deer.swift */ = {isa = PBXFileReference; lastKnownFileType = sourcecode.swift; path = Deer.swift; sourceTree = "<group>"; };
		A97239981F5E02D8000519EB /* GameScene.swift */ = {isa = PBXFileReference; lastKnownFileType = sourcecode.swift; path = GameScene.swift; sourceTree = "<group>"; };
		A97239991F5E02D8000519EB /* GameOverView.swift */ = {isa = PBXFileReference; lastKnownFileType = sourcecode.swift; path = GameOverView.swift; sourceTree = "<group>"; };
		A972399A1F5E02D8000519EB /* Dot.swift */ = {isa = PBXFileReference; lastKnownFileType = sourcecode.swift; path = Dot.swift; sourceTree = "<group>"; };
		A972399B1F5E02D8000519EB /* Butterfly.swift */ = {isa = PBXFileReference; lastKnownFileType = sourcecode.swift; path = Butterfly.swift; sourceTree = "<group>"; };
		A972399C1F5E02D8000519EB /* UIProtocolExtentions.swift */ = {isa = PBXFileReference; lastKnownFileType = sourcecode.swift; path = UIProtocolExtentions.swift; sourceTree = "<group>"; };
		A972399D1F5E02D8000519EB /* Global.swift */ = {isa = PBXFileReference; lastKnownFileType = sourcecode.swift; path = Global.swift; sourceTree = "<group>"; };
		A972399E1F5E02D8000519EB /* Eagle.swift */ = {isa = PBXFileReference; lastKnownFileType = sourcecode.swift; path = Eagle.swift; sourceTree = "<group>"; };
		A972399F1F5E02D8000519EB /* Zombie.swift */ = {isa = PBXFileReference; lastKnownFileType = sourcecode.swift; path = Zombie.swift; sourceTree = "<group>"; };
		A97239A01F5E02D9000519EB /* CustomColor.swift */ = {isa = PBXFileReference; lastKnownFileType = sourcecode.swift; path = CustomColor.swift; sourceTree = "<group>"; };
		A97239A11F5E02D9000519EB /* OldGameViewController.swift */ = {isa = PBXFileReference; lastKnownFileType = sourcecode.swift; path = OldGameViewController.swift; sourceTree = "<group>"; };
		A97239A21F5E02D9000519EB /* Mouse.swift */ = {isa = PBXFileReference; lastKnownFileType = sourcecode.swift; path = Mouse.swift; sourceTree = "<group>"; };
/* End PBXFileReference section */

/* Begin PBXFrameworksBuildPhase section */
		A933B2201F5799130096F5EA /* Frameworks */ = {
			isa = PBXFrameworksBuildPhase;
			buildActionMask = 2147483647;
			files = (
			);
			runOnlyForDeploymentPostprocessing = 0;
		};
/* End PBXFrameworksBuildPhase section */

/* Begin PBXGroup section */
		A933B21A1F5799130096F5EA = {
			isa = PBXGroup;
			children = (
				A933B2251F5799130096F5EA /* SnakeTank */,
				A933B2241F5799130096F5EA /* Products */,
			);
			sourceTree = "<group>";
		};
		A933B2241F5799130096F5EA /* Products */ = {
			isa = PBXGroup;
			children = (
				A933B2231F5799130096F5EA /* SnakeTank.app */,
			);
			name = Products;
			sourceTree = "<group>";
		};
		A933B2251F5799130096F5EA /* SnakeTank */ = {
			isa = PBXGroup;
			children = (
				A933B2261F5799130096F5EA /* AppDelegate.swift */,
				A972399B1F5E02D8000519EB /* Butterfly.swift */,
				A97239A01F5E02D9000519EB /* CustomColor.swift */,
				A97239971F5E02D8000519EB /* Deer.swift */,
				A972399A1F5E02D8000519EB /* Dot.swift */,
				A972399E1F5E02D8000519EB /* Eagle.swift */,
				A97239991F5E02D8000519EB /* GameOverView.swift */,
				A97239981F5E02D8000519EB /* GameScene.swift */,
				A97239A11F5E02D9000519EB /* OldGameViewController.swift */,
				A972399D1F5E02D8000519EB /* Global.swift */,
				A97239951F5E02D8000519EB /* MenuButtons.swift */,
				A97239A21F5E02D9000519EB /* Mouse.swift */,
				A97239961F5E02D8000519EB /* Scene.swift */,
				A97239941F5E02D8000519EB /* TestScene.swift */,
				A97239931F5E02D7000519EB /* Tiger.swift */,
				A972399C1F5E02D8000519EB /* UIProtocolExtentions.swift */,
				A972399F1F5E02D8000519EB /* Zombie.swift */,
				A933B2281F5799130096F5EA /* art.scnassets */,
				A933B22A1F5799130096F5EA /* ViewController.swift */,
				A933B22C1F5799130096F5EA /* Main.storyboard */,
				A933B22F1F5799130096F5EA /* Assets.xcassets */,
				A933B2311F5799130096F5EA /* LaunchScreen.storyboard */,
				A933B2341F5799130096F5EA /* Info.plist */,
			);
			path = SnakeTank;
			sourceTree = "<group>";
		};
/* End PBXGroup section */

/* Begin PBXNativeTarget section */
		A933B2221F5799130096F5EA /* SnakeTank */ = {
			isa = PBXNativeTarget;
			buildConfigurationList = A933B2371F5799130096F5EA /* Build configuration list for PBXNativeTarget "SnakeTank" */;
			buildPhases = (
				A933B21F1F5799130096F5EA /* Sources */,
				A933B2201F5799130096F5EA /* Frameworks */,
				A933B2211F5799130096F5EA /* Resources */,
			);
			buildRules = (
			);
			dependencies = (
			);
			name = SnakeTank;
			productName = SnakeTank;
			productReference = A933B2231F5799130096F5EA /* SnakeTank.app */;
			productType = "com.apple.product-type.application";
		};
/* End PBXNativeTarget section */

/* Begin PBXProject section */
		A933B21B1F5799130096F5EA /* Project object */ = {
			isa = PBXProject;
			attributes = {
				LastSwiftUpdateCheck = 0900;
				LastUpgradeCheck = 0900;
				ORGANIZATIONNAME = "Right Brothers";
				TargetAttributes = {
					A933B2221F5799130096F5EA = {
						CreatedOnToolsVersion = 9.0;
					};
				};
			};
			buildConfigurationList = A933B21E1F5799130096F5EA /* Build configuration list for PBXProject "SnakeTank" */;
			compatibilityVersion = "Xcode 8.0";
			developmentRegion = en;
			hasScannedForEncodings = 0;
			knownRegions = (
				en,
				Base,
			);
			mainGroup = A933B21A1F5799130096F5EA;
			productRefGroup = A933B2241F5799130096F5EA /* Products */;
			projectDirPath = "";
			projectRoot = "";
			targets = (
				A933B2221F5799130096F5EA /* SnakeTank */,
			);
		};
/* End PBXProject section */

/* Begin PBXResourcesBuildPhase section */
		A933B2211F5799130096F5EA /* Resources */ = {
			isa = PBXResourcesBuildPhase;
			buildActionMask = 2147483647;
			files = (
				A933B2291F5799130096F5EA /* art.scnassets in Resources */,
				A933B2331F5799130096F5EA /* LaunchScreen.storyboard in Resources */,
				A933B2301F5799130096F5EA /* Assets.xcassets in Resources */,
				A933B22E1F5799130096F5EA /* Main.storyboard in Resources */,
			);
			runOnlyForDeploymentPostprocessing = 0;
		};
/* End PBXResourcesBuildPhase section */

/* Begin PBXSourcesBuildPhase section */
		A933B21F1F5799130096F5EA /* Sources */ = {
			isa = PBXSourcesBuildPhase;
			buildActionMask = 2147483647;
			files = (
				A97239AA1F5E02D9000519EB /* Eagle.swift in Sources */,
				A97239A51F5E02D9000519EB /* GameOverView.swift in Sources */,
				A97239A81F5E02D9000519EB /* Tiger.swift in Sources */,
				A97239AE1F5E02D9000519EB /* Butterfly.swift in Sources */,
				A97239A71F5E02D9000519EB /* MenuButtons.swift in Sources */,
				A97239B21F5E02D9000519EB /* Dot.swift in Sources */,
				A97239A91F5E02D9000519EB /* Zombie.swift in Sources */,
				A97239B01F5E02D9000519EB /* UIProtocolExtentions.swift in Sources */,
				A97239AD1F5E02D9000519EB /* Global.swift in Sources */,
				A97239A31F5E02D9000519EB /* Deer.swift in Sources */,
				A97239AF1F5E02D9000519EB /* CustomColor.swift in Sources */,
				A933B22B1F5799130096F5EA /* ViewController.swift in Sources */,
				A97239B11F5E02D9000519EB /* GameScene.swift in Sources */,
				A933B2271F5799130096F5EA /* AppDelegate.swift in Sources */,
				A97239AC1F5E02D9000519EB /* Scene.swift in Sources */,
				A97239A61F5E02D9000519EB /* OldGameViewController.swift in Sources */,
				A97239AB1F5E02D9000519EB /* TestScene.swift in Sources */,
				A97239A41F5E02D9000519EB /* Mouse.swift in Sources */,
			);
			runOnlyForDeploymentPostprocessing = 0;
		};
/* End PBXSourcesBuildPhase section */

/* Begin PBXVariantGroup section */
		A933B22C1F5799130096F5EA /* Main.storyboard */ = {
			isa = PBXVariantGroup;
			children = (
				A933B22D1F5799130096F5EA /* Base */,
			);
			name = Main.storyboard;
			sourceTree = "<group>";
		};
		A933B2311F5799130096F5EA /* LaunchScreen.storyboard */ = {
			isa = PBXVariantGroup;
			children = (
				A933B2321F5799130096F5EA /* Base */,
			);
			name = LaunchScreen.storyboard;
			sourceTree = "<group>";
		};
/* End PBXVariantGroup section */

/* Begin XCBuildConfiguration section */
		A933B2351F5799130096F5EA /* Debug */ = {
			isa = XCBuildConfiguration;
			buildSettings = {
				ALWAYS_SEARCH_USER_PATHS = NO;
				CLANG_ANALYZER_NONNULL = YES;
				CLANG_ANALYZER_NUMBER_OBJECT_CONVERSION = YES_AGGRESSIVE;
				CLANG_CXX_LANGUAGE_STANDARD = "gnu++14";
				CLANG_CXX_LIBRARY = "libc++";
				CLANG_ENABLE_MODULES = YES;
				CLANG_ENABLE_OBJC_ARC = YES;
				CLANG_WARN_BLOCK_CAPTURE_AUTORELEASING = YES;
				CLANG_WARN_BOOL_CONVERSION = YES;
				CLANG_WARN_COMMA = YES;
				CLANG_WARN_CONSTANT_CONVERSION = YES;
				CLANG_WARN_DIRECT_OBJC_ISA_USAGE = YES_ERROR;
				CLANG_WARN_DOCUMENTATION_COMMENTS = YES;
				CLANG_WARN_EMPTY_BODY = YES;
				CLANG_WARN_ENUM_CONVERSION = YES;
				CLANG_WARN_INFINITE_RECURSION = YES;
				CLANG_WARN_INT_CONVERSION = YES;
				CLANG_WARN_NON_LITERAL_NULL_CONVERSION = YES;
				CLANG_WARN_OBJC_LITERAL_CONVERSION = YES;
				CLANG_WARN_OBJC_ROOT_CLASS = YES_ERROR;
				CLANG_WARN_RANGE_LOOP_ANALYSIS = YES;
				CLANG_WARN_STRICT_PROTOTYPES = YES;
				CLANG_WARN_SUSPICIOUS_MOVE = YES;
				CLANG_WARN_UNGUARDED_AVAILABILITY = YES_AGGRESSIVE;
				CLANG_WARN_UNREACHABLE_CODE = YES;
				CLANG_WARN__DUPLICATE_METHOD_MATCH = YES;
				CODE_SIGN_IDENTITY = "iPhone Developer";
				COPY_PHASE_STRIP = NO;
				DEBUG_INFORMATION_FORMAT = dwarf;
				ENABLE_STRICT_OBJC_MSGSEND = YES;
				ENABLE_TESTABILITY = YES;
				GCC_C_LANGUAGE_STANDARD = gnu11;
				GCC_DYNAMIC_NO_PIC = NO;
				GCC_NO_COMMON_BLOCKS = YES;
				GCC_OPTIMIZATION_LEVEL = 0;
				GCC_PREPROCESSOR_DEFINITIONS = (
					"DEBUG=1",
					"$(inherited)",
				);
				GCC_WARN_64_TO_32_BIT_CONVERSION = YES;
				GCC_WARN_ABOUT_RETURN_TYPE = YES_ERROR;
				GCC_WARN_UNDECLARED_SELECTOR = YES;
				GCC_WARN_UNINITIALIZED_AUTOS = YES_AGGRESSIVE;
				GCC_WARN_UNUSED_FUNCTION = YES;
				GCC_WARN_UNUSED_VARIABLE = YES;
				IPHONEOS_DEPLOYMENT_TARGET = 11.0;
				MTL_ENABLE_DEBUG_INFO = YES;
				ONLY_ACTIVE_ARCH = YES;
				SDKROOT = iphoneos;
				SWIFT_ACTIVE_COMPILATION_CONDITIONS = DEBUG;
				SWIFT_OPTIMIZATION_LEVEL = "-Onone";
			};
			name = Debug;
		};
		A933B2361F5799130096F5EA /* Release */ = {
			isa = XCBuildConfiguration;
			buildSettings = {
				ALWAYS_SEARCH_USER_PATHS = NO;
				CLANG_ANALYZER_NONNULL = YES;
				CLANG_ANALYZER_NUMBER_OBJECT_CONVERSION = YES_AGGRESSIVE;
				CLANG_CXX_LANGUAGE_STANDARD = "gnu++14";
				CLANG_CXX_LIBRARY = "libc++";
				CLANG_ENABLE_MODULES = YES;
				CLANG_ENABLE_OBJC_ARC = YES;
				CLANG_WARN_BLOCK_CAPTURE_AUTORELEASING = YES;
				CLANG_WARN_BOOL_CONVERSION = YES;
				CLANG_WARN_COMMA = YES;
				CLANG_WARN_CONSTANT_CONVERSION = YES;
				CLANG_WARN_DIRECT_OBJC_ISA_USAGE = YES_ERROR;
				CLANG_WARN_DOCUMENTATION_COMMENTS = YES;
				CLANG_WARN_EMPTY_BODY = YES;
				CLANG_WARN_ENUM_CONVERSION = YES;
				CLANG_WARN_INFINITE_RECURSION = YES;
				CLANG_WARN_INT_CONVERSION = YES;
				CLANG_WARN_NON_LITERAL_NULL_CONVERSION = YES;
				CLANG_WARN_OBJC_LITERAL_CONVERSION = YES;
				CLANG_WARN_OBJC_ROOT_CLASS = YES_ERROR;
				CLANG_WARN_RANGE_LOOP_ANALYSIS = YES;
				CLANG_WARN_STRICT_PROTOTYPES = YES;
				CLANG_WARN_SUSPICIOUS_MOVE = YES;
				CLANG_WARN_UNGUARDED_AVAILABILITY = YES_AGGRESSIVE;
				CLANG_WARN_UNREACHABLE_CODE = YES;
				CLANG_WARN__DUPLICATE_METHOD_MATCH = YES;
				CODE_SIGN_IDENTITY = "iPhone Developer";
				COPY_PHASE_STRIP = NO;
				DEBUG_INFORMATION_FORMAT = "dwarf-with-dsym";
				ENABLE_NS_ASSERTIONS = NO;
				ENABLE_STRICT_OBJC_MSGSEND = YES;
				GCC_C_LANGUAGE_STANDARD = gnu11;
				GCC_NO_COMMON_BLOCKS = YES;
				GCC_WARN_64_TO_32_BIT_CONVERSION = YES;
				GCC_WARN_ABOUT_RETURN_TYPE = YES_ERROR;
				GCC_WARN_UNDECLARED_SELECTOR = YES;
				GCC_WARN_UNINITIALIZED_AUTOS = YES_AGGRESSIVE;
				GCC_WARN_UNUSED_FUNCTION = YES;
				GCC_WARN_UNUSED_VARIABLE = YES;
				IPHONEOS_DEPLOYMENT_TARGET = 11.0;
				MTL_ENABLE_DEBUG_INFO = NO;
				SDKROOT = iphoneos;
				SWIFT_OPTIMIZATION_LEVEL = "-Owholemodule";
				VALIDATE_PRODUCT = YES;
			};
			name = Release;
		};
		A933B2381F5799130096F5EA /* Debug */ = {
			isa = XCBuildConfiguration;
			buildSettings = {
				ASSETCATALOG_COMPILER_APPICON_NAME = AppIcon;
				DEVELOPMENT_TEAM = 3KFA49ZHXN;
				INFOPLIST_FILE = SnakeTank/Info.plist;
				LD_RUNPATH_SEARCH_PATHS = "$(inherited) @executable_path/Frameworks";
				PRODUCT_BUNDLE_IDENTIFIER = com.rightBrothers.SnakeTank;
				PRODUCT_NAME = "$(TARGET_NAME)";
				SWIFT_VERSION = 4.0;
				TARGETED_DEVICE_FAMILY = "1,2";
			};
			name = Debug;
		};
		A933B2391F5799130096F5EA /* Release */ = {
			isa = XCBuildConfiguration;
			buildSettings = {
				ASSETCATALOG_COMPILER_APPICON_NAME = AppIcon;
				DEVELOPMENT_TEAM = 3KFA49ZHXN;
				INFOPLIST_FILE = SnakeTank/Info.plist;
				LD_RUNPATH_SEARCH_PATHS = "$(inherited) @executable_path/Frameworks";
				PRODUCT_BUNDLE_IDENTIFIER = com.rightBrothers.SnakeTank;
				PRODUCT_NAME = "$(TARGET_NAME)";
				SWIFT_VERSION = 4.0;
				TARGETED_DEVICE_FAMILY = "1,2";
			};
			name = Release;
		};
/* End XCBuildConfiguration section */

/* Begin XCConfigurationList section */
		A933B21E1F5799130096F5EA /* Build configuration list for PBXProject "SnakeTank" */ = {
			isa = XCConfigurationList;
			buildConfigurations = (
				A933B2351F5799130096F5EA /* Debug */,
				A933B2361F5799130096F5EA /* Release */,
			);
			defaultConfigurationIsVisible = 0;
			defaultConfigurationName = Release;
		};
		A933B2371F5799130096F5EA /* Build configuration list for PBXNativeTarget "SnakeTank" */ = {
			isa = XCConfigurationList;
			buildConfigurations = (
				A933B2381F5799130096F5EA /* Debug */,
				A933B2391F5799130096F5EA /* Release */,
			);
			defaultConfigurationIsVisible = 0;
			defaultConfigurationName = Release;
		};
/* End XCConfigurationList section */
	};
	rootObject = A933B21B1F5799130096F5EA /* Project object */;
}
